
Microsoft Visual Studio Solution File, Format Version 12.00
# Visual Studio Version 16
VisualStudioVersion = 16.0.31105.61
MinimumVisualStudioVersion = 10.0.40219.1
Project("{FAE04EC0-301F-11D3-BF4B-00C04F79EFBC}") = "Pract2Trub", "Pract2Trub\Pract2Trub.csproj", "{3BECF1BF-0A48-41FA-9246-A548269A6033}"
EndProject
Project("{2150E333-8FDC-42A3-9474-1A3956D46DE8}") = "Solution Items", "Solution Items", "{4CEFCF25-C231-4BC8-A1DA-01996588622A}"
	ProjectSection(SolutionItems) = preProject
		.editorconfig = .editorconfig
	EndProjectSection
EndProject
Global
	GlobalSection(SolutionConfigurationPlatforms) = preSolution
		Debug|Any CPU = Debug|Any CPU
		Release|Any CPU = Release|Any CPU
	EndGlobalSection
	GlobalSection(ProjectConfigurationPlatforms) = postSolution
		{3BECF1BF-0A48-41FA-9246-A548269A6033}.Debug|Any CPU.ActiveCfg = Debug|Any CPU
		{3BECF1BF-0A48-41FA-9246-A548269A6033}.Debug|Any CPU.Build.0 = Debug|Any CPU
		{3BECF1BF-0A48-41FA-9246-A548269A6033}.Release|Any CPU.ActiveCfg = Release|Any CPU
		{3BECF1BF-0A48-41FA-9246-A548269A6033}.Release|Any CPU.Build.0 = Release|Any CPU
	EndGlobalSection
	GlobalSection(SolutionProperties) = preSolution
		HideSolutionNode = FALSE
	EndGlobalSection
	GlobalSection(ExtensibilityGlobals) = postSolution
		SolutionGuid = {1EC884BF-D308-4D8C-9983-E777B76929A3}
	EndGlobalSection
EndGlobal
